
Microsoft Visual Studio Solution File, Format Version 12.00
Project("{FAE04EC0-301F-11D3-BF4B-00C04F79EFBC}") = "lab2", "lab2.csproj", "{63985173-3D4F-449B-A235-899C40228A1B}"
EndProject
Global
	GlobalSection(SolutionConfigurationPlatforms) = preSolution
		Debug|Any CPU = Debug|Any CPU
		Release|Any CPU = Release|Any CPU
	EndGlobalSection
	GlobalSection(ProjectConfigurationPlatforms) = postSolution
		{63985173-3D4F-449B-A235-899C40228A1B}.Debug|Any CPU.ActiveCfg = Debug|Any CPU
		{63985173-3D4F-449B-A235-899C40228A1B}.Debug|Any CPU.Build.0 = Debug|Any CPU
		{63985173-3D4F-449B-A235-899C40228A1B}.Release|Any CPU.ActiveCfg = Release|Any CPU
		{63985173-3D4F-449B-A235-899C40228A1B}.Release|Any CPU.Build.0 = Release|Any CPU
	EndGlobalSection
EndGlobal
